<Solution>
  <Folder Name="/benchmarks/">
    <Project Path="benchmarks/Erlang.Benchmarks/Erlang.Benchmarks.csproj" />
  </Folder>
  <Folder Name="/examples/">
    <Project Path="examples/HelloHybrid/HelloHybrid.csproj" />
  </Folder>
  <Folder Name="/src/">
    <Project Path="src/Erlang.Compiler/Erlang.Compiler.csproj" />
    <Project Path="src/Erlang.CSharp.MSBuild/Erlang.CSharp.MSBuild.csproj" />
    <Project Path="src/Erlang.Otp.Behaviours/Erlang.Otp.Behaviours.csproj" />
    <Project Path="src/Erlang.Runtime/Erlang.Runtime.csproj" />
    <Project Path="src/Erlang.Serialization/Erlang.Serialization.csproj" />
    <Project Path="src/Erlang.Terms/Erlang.Terms.csproj" />
  </Folder>
  <Folder Name="/tests/">
    <Project Path="tests/Erlang.Tests/Erlang.Tests.csproj" />
  </Folder>
  <Folder Name="/tools/">
    <Project Path="tools/Erlang.Differential/Erlang.Differential.csproj" />
    <Project Path="tools/Erlang.Tool/Erlang.Tool.csproj" />
  </Folder>
</Solution>
